{
  "requires": true,
  "lockfileVersion": 1,
  "dependencies": {
    "flyps": {
      "version": "0.1.0",
      "resolved": "https://registry.npmjs.org/flyps/-/flyps-0.1.0.tgz",
      "integrity": "sha512-SDcRQqQPtdYwat3HKSu0HDwG58QH1RJ2zDodriLbcm0tGAf06PdnCv9q6Hunt/qtk23guVjd1VPLTtpZeyp6Cg==",
      "dev": true
    }
  }
}
